# This file is automatically @generated by Cargo.
# It is not intended for manual editing.
[[package]]
name = "ab_glyph_rasterizer"
version = "0.1.2"
source = "registry+https://github.com/rust-lang/crates.io-index"
checksum = "2b7e4e8cf778db814365e46839949ca74df4efb10e87ba4913e6ec5967ef0285"
dependencies = [
 "libm",
]

[[package]]
name = "lib-kern"
version = "0.1.0"
dependencies = [
 "libm",
 "owned_ttf_parser",
 "rusttype",
 "spinning",
]

[[package]]
name = "libm"
version = "0.2.1"
source = "registry+https://github.com/rust-lang/crates.io-index"
checksum = "c7d73b3f436185384286bd8098d17ec07c9a7d2388a6599f824d8502b529702a"

[[package]]
name = "lock_api"
version = "0.4.1"
source = "registry+https://github.com/rust-lang/crates.io-index"
checksum = "28247cc5a5be2f05fbcd76dd0cf2c7d3b5400cb978a28042abcd4fa0b3f8261c"
dependencies = [
 "scopeguard",
]

[[package]]
name = "owned_ttf_parser"
version = "0.6.0"
source = "registry+https://github.com/rust-lang/crates.io-index"
checksum = "9f923fb806c46266c02ab4a5b239735c144bdeda724a50ed058e5226f594cde3"
dependencies = [
 "ttf-parser",
]

[[package]]
name = "rusttype"
version = "0.9.2"
source = "registry+https://github.com/rust-lang/crates.io-index"
checksum = "dc7c727aded0be18c5b80c1640eae0ac8e396abf6fa8477d96cb37d18ee5ec59"
dependencies = [
 "ab_glyph_rasterizer",
 "libm",
 "owned_ttf_parser",
]

[[package]]
name = "scopeguard"
version = "1.1.0"
source = "registry+https://github.com/rust-lang/crates.io-index"
checksum = "d29ab0c6d3fc0ee92fe66e2d99f700eab17a8d57d1c1d3b748380fb20baa78cd"

[[package]]
name = "spinning"
version = "0.0.3"
source = "registry+https://github.com/rust-lang/crates.io-index"
checksum = "ced8156fe289bee8576050d3924fe6f3926b552b41afe810f5461acaca42c9f1"
dependencies = [
 "lock_api",
]

[[package]]
name = "ttf-parser"
version = "0.6.2"
source = "registry+https://github.com/rust-lang/crates.io-index"
checksum = "3e5d7cd7ab3e47dda6e56542f4bbf3824c15234958c6e1bd6aaa347e93499fdc"
